
Microsoft Visual Studio Solution File, Format Version 12.00
# Visual Studio Version 16
VisualStudioVersion = 16.0.31624.102
MinimumVisualStudioVersion = 10.0.40219.1
Project("{FAE04EC0-301F-11D3-BF4B-00C04F79EFBC}") = "Car_Rental_BackEnd", "Car_Rental_BackEnd\Car_Rental_BackEnd.csproj", "{52416D36-0C66-4053-A1A4-A7AC5001590A}"
EndProject
Global
	GlobalSection(SolutionConfigurationPlatforms) = preSolution
		Debug|Any CPU = Debug|Any CPU
		Release|Any CPU = Release|Any CPU
	EndGlobalSection
	GlobalSection(ProjectConfigurationPlatforms) = postSolution
		{52416D36-0C66-4053-A1A4-A7AC5001590A}.Debug|Any CPU.ActiveCfg = Debug|Any CPU
		{52416D36-0C66-4053-A1A4-A7AC5001590A}.Debug|Any CPU.Build.0 = Debug|Any CPU
		{52416D36-0C66-4053-A1A4-A7AC5001590A}.Release|Any CPU.ActiveCfg = Release|Any CPU
		{52416D36-0C66-4053-A1A4-A7AC5001590A}.Release|Any CPU.Build.0 = Release|Any CPU
	EndGlobalSection
	GlobalSection(SolutionProperties) = preSolution
		HideSolutionNode = FALSE
	EndGlobalSection
	GlobalSection(ExtensibilityGlobals) = postSolution
		SolutionGuid = {AE41A31B-ACF9-4486-B346-2D4026FFFC16}
	EndGlobalSection
EndGlobal
